
Microsoft Visual Studio Solution File, Format Version 12.00
# Visual Studio Version 17
VisualStudioVersion = 17.7.34221.43
MinimumVisualStudioVersion = 10.0.40219.1
Project("{FAE04EC0-301F-11D3-BF4B-00C04F79EFBC}") = "ServiceStationApp", "ServiceStationApp\ServiceStationApp.csproj", "{7521F12A-01E2-4244-B622-3A64D0C298B2}"
EndProject
Global
	GlobalSection(SolutionConfigurationPlatforms) = preSolution
		Debug|Any CPU = Debug|Any CPU
		Release|Any CPU = Release|Any CPU
	EndGlobalSection
	GlobalSection(ProjectConfigurationPlatforms) = postSolution
		{7521F12A-01E2-4244-B622-3A64D0C298B2}.Debug|Any CPU.ActiveCfg = Debug|Any CPU
		{7521F12A-01E2-4244-B622-3A64D0C298B2}.Debug|Any CPU.Build.0 = Debug|Any CPU
		{7521F12A-01E2-4244-B622-3A64D0C298B2}.Release|Any CPU.ActiveCfg = Release|Any CPU
		{7521F12A-01E2-4244-B622-3A64D0C298B2}.Release|Any CPU.Build.0 = Release|Any CPU
	EndGlobalSection
	GlobalSection(SolutionProperties) = preSolution
		HideSolutionNode = FALSE
	EndGlobalSection
	GlobalSection(ExtensibilityGlobals) = postSolution
		SolutionGuid = {4AC1CA2F-7349-4F6E-BD9D-5DA6C0E43007}
	EndGlobalSection
EndGlobal
